
Microsoft Visual Studio Solution File, Format Version 12.00
# Visual Studio Version 17
VisualStudioVersion = 17.0.31919.166
MinimumVisualStudioVersion = 10.0.40219.1
Project("{FAE04EC0-301F-11D3-BF4B-00C04F79EFBC}") = "Student_Aspirant_Collections", "Student_Aspirant_Collections.csproj", "{F840FE1A-0C10-43C1-BF47-EE934951003C}"
EndProject
Global
	GlobalSection(SolutionConfigurationPlatforms) = preSolution
		Debug|Any CPU = Debug|Any CPU
		Release|Any CPU = Release|Any CPU
	EndGlobalSection
	GlobalSection(ProjectConfigurationPlatforms) = postSolution
		{F840FE1A-0C10-43C1-BF47-EE934951003C}.Debug|Any CPU.ActiveCfg = Debug|Any CPU
		{F840FE1A-0C10-43C1-BF47-EE934951003C}.Debug|Any CPU.Build.0 = Debug|Any CPU
		{F840FE1A-0C10-43C1-BF47-EE934951003C}.Release|Any CPU.ActiveCfg = Release|Any CPU
		{F840FE1A-0C10-43C1-BF47-EE934951003C}.Release|Any CPU.Build.0 = Release|Any CPU
	EndGlobalSection
	GlobalSection(SolutionProperties) = preSolution
		HideSolutionNode = FALSE
	EndGlobalSection
	GlobalSection(ExtensibilityGlobals) = postSolution
		SolutionGuid = {34CF64FF-F251-4A1C-9C1D-A74124A309DB}
	EndGlobalSection
EndGlobal
